
Microsoft Visual Studio Solution File, Format Version 12.00
# Visual Studio Version 17
VisualStudioVersion = 17.1.32210.238
MinimumVisualStudioVersion = 10.0.40219.1
Project("{FAE04EC0-301F-11D3-BF4B-00C04F79EFBC}") = "LD_24", "LD_24\LD_24.csproj", "{4E9466EF-CDF4-4620-B51E-125F5A014A04}"
EndProject
Global
	GlobalSection(SolutionConfigurationPlatforms) = preSolution
		Debug|Any CPU = Debug|Any CPU
		Release|Any CPU = Release|Any CPU
	EndGlobalSection
	GlobalSection(ProjectConfigurationPlatforms) = postSolution
		{4E9466EF-CDF4-4620-B51E-125F5A014A04}.Debug|Any CPU.ActiveCfg = Debug|Any CPU
		{4E9466EF-CDF4-4620-B51E-125F5A014A04}.Debug|Any CPU.Build.0 = Debug|Any CPU
		{4E9466EF-CDF4-4620-B51E-125F5A014A04}.Release|Any CPU.ActiveCfg = Release|Any CPU
		{4E9466EF-CDF4-4620-B51E-125F5A014A04}.Release|Any CPU.Build.0 = Release|Any CPU
	EndGlobalSection
	GlobalSection(SolutionProperties) = preSolution
		HideSolutionNode = FALSE
	EndGlobalSection
	GlobalSection(ExtensibilityGlobals) = postSolution
		SolutionGuid = {285CDE53-D9E3-4FC7-A17F-A5702B740D70}
	EndGlobalSection
EndGlobal
